
Microsoft Visual Studio Solution File, Format Version 12.00
# Visual Studio Version 16
VisualStudioVersion = 16.0.30330.147
MinimumVisualStudioVersion = 10.0.40219.1
Project("{9A19103F-16F7-4668-BE54-9A1E7A4F7556}") = "LogProxyAPI", "LogProxyAPI\LogProxyAPI.csproj", "{AEC182E3-028C-460E-B2C3-D39941E4990C}"
EndProject
Project("{FAE04EC0-301F-11D3-BF4B-00C04F79EFBC}") = "LogProxyAPI.Tests", "LogProxyAPI.Tests\LogProxyAPI.Tests.csproj", "{FA3CF6BF-AE59-410A-8A7C-844C2B31ED86}"
EndProject
Global
	GlobalSection(SolutionConfigurationPlatforms) = preSolution
		Debug|Any CPU = Debug|Any CPU
		Release|Any CPU = Release|Any CPU
	EndGlobalSection
	GlobalSection(ProjectConfigurationPlatforms) = postSolution
		{AEC182E3-028C-460E-B2C3-D39941E4990C}.Debug|Any CPU.ActiveCfg = Debug|Any CPU
		{AEC182E3-028C-460E-B2C3-D39941E4990C}.Debug|Any CPU.Build.0 = Debug|Any CPU
		{AEC182E3-028C-460E-B2C3-D39941E4990C}.Release|Any CPU.ActiveCfg = Release|Any CPU
		{AEC182E3-028C-460E-B2C3-D39941E4990C}.Release|Any CPU.Build.0 = Release|Any CPU
		{FA3CF6BF-AE59-410A-8A7C-844C2B31ED86}.Debug|Any CPU.ActiveCfg = Debug|Any CPU
		{FA3CF6BF-AE59-410A-8A7C-844C2B31ED86}.Debug|Any CPU.Build.0 = Debug|Any CPU
		{FA3CF6BF-AE59-410A-8A7C-844C2B31ED86}.Release|Any CPU.ActiveCfg = Release|Any CPU
		{FA3CF6BF-AE59-410A-8A7C-844C2B31ED86}.Release|Any CPU.Build.0 = Release|Any CPU
	EndGlobalSection
	GlobalSection(SolutionProperties) = preSolution
		HideSolutionNode = FALSE
	EndGlobalSection
	GlobalSection(ExtensibilityGlobals) = postSolution
		SolutionGuid = {49AC314D-BA5F-45B9-8D4F-D33B423C77BB}
	EndGlobalSection
EndGlobal
